
Microsoft Visual Studio Solution File, Format Version 12.00
# Visual Studio Version 16
VisualStudioVersion = 16.0.31424.327
MinimumVisualStudioVersion = 10.0.40219.1
Project("{FAE04EC0-301F-11D3-BF4B-00C04F79EFBC}") = "Sistema.Presentacion", "Sistema.Presentacion\Sistema.Presentacion.csproj", "{09DA02BF-17E0-45DF-9B31-F0B5AC00EDD3}"
EndProject
Project("{FAE04EC0-301F-11D3-BF4B-00C04F79EFBC}") = "Sistema.Negocio", "Sistema.Negocio\Sistema.Negocio.csproj", "{0C21C73C-3740-45E5-B765-B71ECE165B0B}"
EndProject
Project("{FAE04EC0-301F-11D3-BF4B-00C04F79EFBC}") = "Sistema.Datos", "Sistema.Datos\Sistema.Datos.csproj", "{5C16D654-C287-437C-BD78-741D31639F91}"
EndProject
Project("{FAE04EC0-301F-11D3-BF4B-00C04F79EFBC}") = "Sistema.Entidades", "Sistema.Entidades\Sistema.Entidades.csproj", "{C1D10BD0-1150-4B10-AEE1-BB03B03EDD01}"
EndProject
Global
	GlobalSection(SolutionConfigurationPlatforms) = preSolution
		Debug|Any CPU = Debug|Any CPU
		Release|Any CPU = Release|Any CPU
	EndGlobalSection
	GlobalSection(ProjectConfigurationPlatforms) = postSolution
		{09DA02BF-17E0-45DF-9B31-F0B5AC00EDD3}.Debug|Any CPU.ActiveCfg = Debug|Any CPU
		{09DA02BF-17E0-45DF-9B31-F0B5AC00EDD3}.Debug|Any CPU.Build.0 = Debug|Any CPU
		{09DA02BF-17E0-45DF-9B31-F0B5AC00EDD3}.Release|Any CPU.ActiveCfg = Release|Any CPU
		{09DA02BF-17E0-45DF-9B31-F0B5AC00EDD3}.Release|Any CPU.Build.0 = Release|Any CPU
		{0C21C73C-3740-45E5-B765-B71ECE165B0B}.Debug|Any CPU.ActiveCfg = Debug|Any CPU
		{0C21C73C-3740-45E5-B765-B71ECE165B0B}.Debug|Any CPU.Build.0 = Debug|Any CPU
		{0C21C73C-3740-45E5-B765-B71ECE165B0B}.Release|Any CPU.ActiveCfg = Release|Any CPU
		{0C21C73C-3740-45E5-B765-B71ECE165B0B}.Release|Any CPU.Build.0 = Release|Any CPU
		{5C16D654-C287-437C-BD78-741D31639F91}.Debug|Any CPU.ActiveCfg = Debug|Any CPU
		{5C16D654-C287-437C-BD78-741D31639F91}.Debug|Any CPU.Build.0 = Debug|Any CPU
		{5C16D654-C287-437C-BD78-741D31639F91}.Release|Any CPU.ActiveCfg = Release|Any CPU
		{5C16D654-C287-437C-BD78-741D31639F91}.Release|Any CPU.Build.0 = Release|Any CPU
		{C1D10BD0-1150-4B10-AEE1-BB03B03EDD01}.Debug|Any CPU.ActiveCfg = Debug|Any CPU
		{C1D10BD0-1150-4B10-AEE1-BB03B03EDD01}.Debug|Any CPU.Build.0 = Debug|Any CPU
		{C1D10BD0-1150-4B10-AEE1-BB03B03EDD01}.Release|Any CPU.ActiveCfg = Release|Any CPU
		{C1D10BD0-1150-4B10-AEE1-BB03B03EDD01}.Release|Any CPU.Build.0 = Release|Any CPU
	EndGlobalSection
	GlobalSection(SolutionProperties) = preSolution
		HideSolutionNode = FALSE
	EndGlobalSection
	GlobalSection(ExtensibilityGlobals) = postSolution
		SolutionGuid = {BB7D1A2F-CE5F-4319-8872-BE22F5B713C4}
	EndGlobalSection
EndGlobal
